
Microsoft Visual Studio Solution File, Format Version 12.00
# Visual Studio 15
VisualStudioVersion = 15.0.28010.2036
MinimumVisualStudioVersion = 10.0.40219.1
Project("{2150E333-8FDC-42A3-9474-1A3956D46DE8}") = "Docs", "Docs", "{756F9A77-C3B9-4DFC-855B-7D9E4A43DA8A}"
	ProjectSection(SolutionItems) = preProject
		Readme.txt = Readme.txt
	EndProjectSection
EndProject
Project("{2150E333-8FDC-42A3-9474-1A3956D46DE8}") = "Src", "Src", "{5CFFE81E-5BCB-4AD2-93AB-E8C1B0A8B46D}"
EndProject
Project("{2150E333-8FDC-42A3-9474-1A3956D46DE8}") = "Base", "Base", "{3677BC1C-C247-48D8-AAE5-79C84BE125D9}"
EndProject
Project("{2150E333-8FDC-42A3-9474-1A3956D46DE8}") = "Bedrock", "Bedrock", "{739084A5-5D42-41B3-9970-244E3D0C3855}"
EndProject
Project("{2150E333-8FDC-42A3-9474-1A3956D46DE8}") = "Foundation", "Foundation", "{C536324B-AE41-434F-8515-78E083FDA274}"
EndProject
Project("{9A19103F-16F7-4668-BE54-9A1E7A4F7556}") = "CrivServer.CrivUk", "CrivServer.CrivUk\CrivServer.CrivUk.csproj", "{FF18527D-6C35-4A72-9357-020AE7B19C7A}"
EndProject
Project("{9A19103F-16F7-4668-BE54-9A1E7A4F7556}") = "CrivServer.Data", "CrivServer.Data\CrivServer.Data.csproj", "{BE9DF01E-AC0F-4A60-8008-3763C70300AC}"
EndProject
Project("{9A19103F-16F7-4668-BE54-9A1E7A4F7556}") = "CrivServer.Infrastructure", "CrivServer.Infrastructure\CrivServer.Infrastructure.csproj", "{BC77EC3D-3E0E-428D-8E1D-3B8C1F425BB4}"
EndProject
Project("{9A19103F-16F7-4668-BE54-9A1E7A4F7556}") = "CrivServer.File", "CrivServer.File\CrivServer.File.csproj", "{00D88CA5-D3FC-4BAF-A6B7-72EFE8EA4F4F}"
EndProject
Project("{FAE04EC0-301F-11D3-BF4B-00C04F79EFBC}") = "CrivServer.AI", "CrivServerAI\CrivServer.AI.csproj", "{A71D7F20-C243-4802-82A5-215C52B8E602}"
EndProject
Global
	GlobalSection(SolutionConfigurationPlatforms) = preSolution
		Debug|Any CPU = Debug|Any CPU
		Release|Any CPU = Release|Any CPU
	EndGlobalSection
	GlobalSection(ProjectConfigurationPlatforms) = postSolution
		{FF18527D-6C35-4A72-9357-020AE7B19C7A}.Debug|Any CPU.ActiveCfg = Debug|Any CPU
		{FF18527D-6C35-4A72-9357-020AE7B19C7A}.Debug|Any CPU.Build.0 = Debug|Any CPU
		{FF18527D-6C35-4A72-9357-020AE7B19C7A}.Release|Any CPU.ActiveCfg = Release|Any CPU
		{FF18527D-6C35-4A72-9357-020AE7B19C7A}.Release|Any CPU.Build.0 = Release|Any CPU
		{BE9DF01E-AC0F-4A60-8008-3763C70300AC}.Debug|Any CPU.ActiveCfg = Debug|Any CPU
		{BE9DF01E-AC0F-4A60-8008-3763C70300AC}.Debug|Any CPU.Build.0 = Debug|Any CPU
		{BE9DF01E-AC0F-4A60-8008-3763C70300AC}.Release|Any CPU.ActiveCfg = Release|Any CPU
		{BE9DF01E-AC0F-4A60-8008-3763C70300AC}.Release|Any CPU.Build.0 = Release|Any CPU
		{BC77EC3D-3E0E-428D-8E1D-3B8C1F425BB4}.Debug|Any CPU.ActiveCfg = Debug|Any CPU
		{BC77EC3D-3E0E-428D-8E1D-3B8C1F425BB4}.Debug|Any CPU.Build.0 = Debug|Any CPU
		{BC77EC3D-3E0E-428D-8E1D-3B8C1F425BB4}.Release|Any CPU.ActiveCfg = Release|Any CPU
		{BC77EC3D-3E0E-428D-8E1D-3B8C1F425BB4}.Release|Any CPU.Build.0 = Release|Any CPU
		{00D88CA5-D3FC-4BAF-A6B7-72EFE8EA4F4F}.Debug|Any CPU.ActiveCfg = Debug|Any CPU
		{00D88CA5-D3FC-4BAF-A6B7-72EFE8EA4F4F}.Debug|Any CPU.Build.0 = Debug|Any CPU
		{00D88CA5-D3FC-4BAF-A6B7-72EFE8EA4F4F}.Release|Any CPU.ActiveCfg = Release|Any CPU
		{00D88CA5-D3FC-4BAF-A6B7-72EFE8EA4F4F}.Release|Any CPU.Build.0 = Release|Any CPU
		{A71D7F20-C243-4802-82A5-215C52B8E602}.Debug|Any CPU.ActiveCfg = Debug|Any CPU
		{A71D7F20-C243-4802-82A5-215C52B8E602}.Debug|Any CPU.Build.0 = Debug|Any CPU
		{A71D7F20-C243-4802-82A5-215C52B8E602}.Release|Any CPU.ActiveCfg = Release|Any CPU
		{A71D7F20-C243-4802-82A5-215C52B8E602}.Release|Any CPU.Build.0 = Release|Any CPU
	EndGlobalSection
	GlobalSection(SolutionProperties) = preSolution
		HideSolutionNode = FALSE
	EndGlobalSection
	GlobalSection(NestedProjects) = preSolution
		{3677BC1C-C247-48D8-AAE5-79C84BE125D9} = {5CFFE81E-5BCB-4AD2-93AB-E8C1B0A8B46D}
		{739084A5-5D42-41B3-9970-244E3D0C3855} = {5CFFE81E-5BCB-4AD2-93AB-E8C1B0A8B46D}
		{C536324B-AE41-434F-8515-78E083FDA274} = {5CFFE81E-5BCB-4AD2-93AB-E8C1B0A8B46D}
		{FF18527D-6C35-4A72-9357-020AE7B19C7A} = {C536324B-AE41-434F-8515-78E083FDA274}
		{BE9DF01E-AC0F-4A60-8008-3763C70300AC} = {3677BC1C-C247-48D8-AAE5-79C84BE125D9}
		{BC77EC3D-3E0E-428D-8E1D-3B8C1F425BB4} = {739084A5-5D42-41B3-9970-244E3D0C3855}
		{00D88CA5-D3FC-4BAF-A6B7-72EFE8EA4F4F} = {3677BC1C-C247-48D8-AAE5-79C84BE125D9}
		{A71D7F20-C243-4802-82A5-215C52B8E602} = {739084A5-5D42-41B3-9970-244E3D0C3855}
	EndGlobalSection
	GlobalSection(ExtensibilityGlobals) = postSolution
		SolutionGuid = {B2B5BA78-3EBA-4FD0-A37E-541B6F8A77DC}
	EndGlobalSection
EndGlobal
